// !$*UTF8*$!
{
	archiveVersion = 1;
	classes = {
	};
	objectVersion = 50;
	objects = {

/* Begin PBXBuildFile section */
		189D671C20B2CD1A004A4592 /* LPLogger.swift in Sources */ = {isa = PBXBuildFile; fileRef = 189D671B20B2CD1A004A4592 /* LPLogger.swift */; };
		189D671E20B2CD23004A4592 /* LPLogModels.swift in Sources */ = {isa = PBXBuildFile; fileRef = 189D671D20B2CD23004A4592 /* LPLogModels.swift */; };
		189D672220B2CD29004A4592 /* LPPrePostFixLogFormatter.swift in Sources */ = {isa = PBXBuildFile; fileRef = 189D671F20B2CD29004A4592 /* LPPrePostFixLogFormatter.swift */; };
		189D672320B2CD29004A4592 /* LPLogFormatterProtocol.swift in Sources */ = {isa = PBXBuildFile; fileRef = 189D672020B2CD29004A4592 /* LPLogFormatterProtocol.swift */; };
		189D672420B2CD29004A4592 /* LPANSIColorLogFormatter.swift in Sources */ = {isa = PBXBuildFile; fileRef = 189D672120B2CD29004A4592 /* LPANSIColorLogFormatter.swift */; };
		189D672720B2CD30004A4592 /* DispatchQueue+LPLogger.swift in Sources */ = {isa = PBXBuildFile; fileRef = 189D672520B2CD30004A4592 /* DispatchQueue+LPLogger.swift */; };
		189D672820B2CD30004A4592 /* URL+LPLogger.swift in Sources */ = {isa = PBXBuildFile; fileRef = 189D672620B2CD30004A4592 /* URL+LPLogger.swift */; };
		189D673020B2CD37004A4592 /* LPAutoRotatingFileDestination.swift in Sources */ = {isa = PBXBuildFile; fileRef = 189D672920B2CD37004A4592 /* LPAutoRotatingFileDestination.swift */; };
		189D673120B2CD37004A4592 /* LPDestinationProtocol.swift in Sources */ = {isa = PBXBuildFile; fileRef = 189D672A20B2CD37004A4592 /* LPDestinationProtocol.swift */; };
		189D673220B2CD37004A4592 /* LPBaseDestination.swift in Sources */ = {isa = PBXBuildFile; fileRef = 189D672B20B2CD37004A4592 /* LPBaseDestination.swift */; };
		189D673320B2CD37004A4592 /* LPFileDestination.swift in Sources */ = {isa = PBXBuildFile; fileRef = 189D672C20B2CD37004A4592 /* LPFileDestination.swift */; };
		189D673420B2CD37004A4592 /* LPAppleSystemLogDestination.swift in Sources */ = {isa = PBXBuildFile; fileRef = 189D672D20B2CD37004A4592 /* LPAppleSystemLogDestination.swift */; };
		189D673520B2CD37004A4592 /* LPBaseQueuedDestination.swift in Sources */ = {isa = PBXBuildFile; fileRef = 189D672E20B2CD37004A4592 /* LPBaseQueuedDestination.swift */; };
		189D673620B2CD37004A4592 /* LPConsoleDestination.swift in Sources */ = {isa = PBXBuildFile; fileRef = 189D672F20B2CD37004A4592 /* LPConsoleDestination.swift */; };
/* End PBXBuildFile section */

/* Begin PBXFileReference section */
		189D66D820B2CC2C004A4592 /* LPLogger.framework */ = {isa = PBXFileReference; explicitFileType = wrapper.framework; includeInIndex = 0; path = LPLogger.framework; sourceTree = BUILT_PRODUCTS_DIR; };
		189D66DC20B2CC2C004A4592 /* Info.plist */ = {isa = PBXFileReference; lastKnownFileType = text.plist.xml; path = Info.plist; sourceTree = "<group>"; };
		189D671B20B2CD1A004A4592 /* LPLogger.swift */ = {isa = PBXFileReference; fileEncoding = 4; lastKnownFileType = sourcecode.swift; path = LPLogger.swift; sourceTree = "<group>"; };
		189D671D20B2CD23004A4592 /* LPLogModels.swift */ = {isa = PBXFileReference; fileEncoding = 4; lastKnownFileType = sourcecode.swift; path = LPLogModels.swift; sourceTree = "<group>"; };
		189D671F20B2CD29004A4592 /* LPPrePostFixLogFormatter.swift */ = {isa = PBXFileReference; fileEncoding = 4; lastKnownFileType = sourcecode.swift; path = LPPrePostFixLogFormatter.swift; sourceTree = "<group>"; };
		189D672020B2CD29004A4592 /* LPLogFormatterProtocol.swift */ = {isa = PBXFileReference; fileEncoding = 4; lastKnownFileType = sourcecode.swift; path = LPLogFormatterProtocol.swift; sourceTree = "<group>"; };
		189D672120B2CD29004A4592 /* LPANSIColorLogFormatter.swift */ = {isa = PBXFileReference; fileEncoding = 4; lastKnownFileType = sourcecode.swift; path = LPANSIColorLogFormatter.swift; sourceTree = "<group>"; };
		189D672520B2CD30004A4592 /* DispatchQueue+LPLogger.swift */ = {isa = PBXFileReference; fileEncoding = 4; lastKnownFileType = sourcecode.swift; path = "DispatchQueue+LPLogger.swift"; sourceTree = "<group>"; };
		189D672620B2CD30004A4592 /* URL+LPLogger.swift */ = {isa = PBXFileReference; fileEncoding = 4; lastKnownFileType = sourcecode.swift; path = "URL+LPLogger.swift"; sourceTree = "<group>"; };
		189D672920B2CD37004A4592 /* LPAutoRotatingFileDestination.swift */ = {isa = PBXFileReference; fileEncoding = 4; lastKnownFileType = sourcecode.swift; path = LPAutoRotatingFileDestination.swift; sourceTree = "<group>"; };
		189D672A20B2CD37004A4592 /* LPDestinationProtocol.swift */ = {isa = PBXFileReference; fileEncoding = 4; lastKnownFileType = sourcecode.swift; path = LPDestinationProtocol.swift; sourceTree = "<group>"; };
		189D672B20B2CD37004A4592 /* LPBaseDestination.swift */ = {isa = PBXFileReference; fileEncoding = 4; lastKnownFileType = sourcecode.swift; path = LPBaseDestination.swift; sourceTree = "<group>"; };
		189D672C20B2CD37004A4592 /* LPFileDestination.swift */ = {isa = PBXFileReference; fileEncoding = 4; lastKnownFileType = sourcecode.swift; path = LPFileDestination.swift; sourceTree = "<group>"; };
		189D672D20B2CD37004A4592 /* LPAppleSystemLogDestination.swift */ = {isa = PBXFileReference; fileEncoding = 4; lastKnownFileType = sourcecode.swift; path = LPAppleSystemLogDestination.swift; sourceTree = "<group>"; };
		189D672E20B2CD37004A4592 /* LPBaseQueuedDestination.swift */ = {isa = PBXFileReference; fileEncoding = 4; lastKnownFileType = sourcecode.swift; path = LPBaseQueuedDestination.swift; sourceTree = "<group>"; };
		189D672F20B2CD37004A4592 /* LPConsoleDestination.swift */ = {isa = PBXFileReference; fileEncoding = 4; lastKnownFileType = sourcecode.swift; path = LPConsoleDestination.swift; sourceTree = "<group>"; };
/* End PBXFileReference section */

/* Begin PBXFrameworksBuildPhase section */
		189D66D420B2CC2C004A4592 /* Frameworks */ = {
			isa = PBXFrameworksBuildPhase;
			buildActionMask = 2147483647;
			files = (
			);
			runOnlyForDeploymentPostprocessing = 0;
		};
/* End PBXFrameworksBuildPhase section */

/* Begin PBXGroup section */
		189D66CE20B2CC2C004A4592 = {
			isa = PBXGroup;
			children = (
				189D66DA20B2CC2C004A4592 /* Sources */,
				189D66D920B2CC2C004A4592 /* Products */,
			);
			sourceTree = "<group>";
		};
		189D66D920B2CC2C004A4592 /* Products */ = {
			isa = PBXGroup;
			children = (
				189D66D820B2CC2C004A4592 /* LPLogger.framework */,
			);
			name = Products;
			sourceTree = "<group>";
		};
		189D66DA20B2CC2C004A4592 /* Sources */ = {
			isa = PBXGroup;
			children = (
				189D671B20B2CD1A004A4592 /* LPLogger.swift */,
				189D670220B2CC93004A4592 /* Destinations */,
				189D670820B2CC93004A4592 /* LogFormatters */,
				189D670E20B2CC93004A4592 /* Extensions */,
				189D670B20B2CC93004A4592 /* Utils */,
				189D66DC20B2CC2C004A4592 /* Info.plist */,
			);
			path = Sources;
			sourceTree = "<group>";
		};
		189D670220B2CC93004A4592 /* Destinations */ = {
			isa = PBXGroup;
			children = (
				189D672A20B2CD37004A4592 /* LPDestinationProtocol.swift */,
				189D672B20B2CD37004A4592 /* LPBaseDestination.swift */,
				189D672E20B2CD37004A4592 /* LPBaseQueuedDestination.swift */,
				189D672F20B2CD37004A4592 /* LPConsoleDestination.swift */,
				189D672D20B2CD37004A4592 /* LPAppleSystemLogDestination.swift */,
				189D672C20B2CD37004A4592 /* LPFileDestination.swift */,
				189D672920B2CD37004A4592 /* LPAutoRotatingFileDestination.swift */,
			);
			path = Destinations;
			sourceTree = "<group>";
		};
		189D670820B2CC93004A4592 /* LogFormatters */ = {
			isa = PBXGroup;
			children = (
				189D672020B2CD29004A4592 /* LPLogFormatterProtocol.swift */,
				189D672120B2CD29004A4592 /* LPANSIColorLogFormatter.swift */,
				189D671F20B2CD29004A4592 /* LPPrePostFixLogFormatter.swift */,
			);
			path = LogFormatters;
			sourceTree = "<group>";
		};
		189D670B20B2CC93004A4592 /* Utils */ = {
			isa = PBXGroup;
			children = (
				189D671D20B2CD23004A4592 /* LPLogModels.swift */,
			);
			path = Utils;
			sourceTree = "<group>";
		};
		189D670E20B2CC93004A4592 /* Extensions */ = {
			isa = PBXGroup;
			children = (
				189D672520B2CD30004A4592 /* DispatchQueue+LPLogger.swift */,
				189D672620B2CD30004A4592 /* URL+LPLogger.swift */,
			);
			path = Extensions;
			sourceTree = "<group>";
		};
/* End PBXGroup section */

/* Begin PBXHeadersBuildPhase section */
		189D66D520B2CC2C004A4592 /* Headers */ = {
			isa = PBXHeadersBuildPhase;
			buildActionMask = 2147483647;
			files = (
			);
			runOnlyForDeploymentPostprocessing = 0;
		};
/* End PBXHeadersBuildPhase section */

/* Begin PBXNativeTarget section */
		189D66D720B2CC2C004A4592 /* LPLogger */ = {
			isa = PBXNativeTarget;
			buildConfigurationList = 189D66E020B2CC2C004A4592 /* Build configuration list for PBXNativeTarget "LPLogger" */;
			buildPhases = (
				189D66D320B2CC2C004A4592 /* Sources */,
				189D66D420B2CC2C004A4592 /* Frameworks */,
				189D66D520B2CC2C004A4592 /* Headers */,
				189D66D620B2CC2C004A4592 /* Resources */,
			);
			buildRules = (
			);
			dependencies = (
			);
			name = LPLogger;
			productName = LPLogger;
			productReference = 189D66D820B2CC2C004A4592 /* LPLogger.framework */;
			productType = "com.apple.product-type.framework";
		};
/* End PBXNativeTarget section */

/* Begin PBXProject section */
		189D66CF20B2CC2C004A4592 /* Project object */ = {
			isa = PBXProject;
			attributes = {
				LastUpgradeCheck = 0930;
				ORGANIZATIONNAME = pengli;
				TargetAttributes = {
					189D66D720B2CC2C004A4592 = {
						CreatedOnToolsVersion = 9.3.1;
						LastSwiftMigration = 0930;
					};
				};
			};
			buildConfigurationList = 189D66D220B2CC2C004A4592 /* Build configuration list for PBXProject "LPLogger" */;
			compatibilityVersion = "Xcode 9.3";
			developmentRegion = en;
			hasScannedForEncodings = 0;
			knownRegions = (
				en,
			);
			mainGroup = 189D66CE20B2CC2C004A4592;
			productRefGroup = 189D66D920B2CC2C004A4592 /* Products */;
			projectDirPath = "";
			projectRoot = "";
			targets = (
				189D66D720B2CC2C004A4592 /* LPLogger */,
			);
		};
/* End PBXProject section */

/* Begin PBXResourcesBuildPhase section */
		189D66D620B2CC2C004A4592 /* Resources */ = {
			isa = PBXResourcesBuildPhase;
			buildActionMask = 2147483647;
			files = (
			);
			runOnlyForDeploymentPostprocessing = 0;
		};
/* End PBXResourcesBuildPhase section */

/* Begin PBXSourcesBuildPhase section */
		189D66D320B2CC2C004A4592 /* Sources */ = {
			isa = PBXSourcesBuildPhase;
			buildActionMask = 2147483647;
			files = (
				189D672420B2CD29004A4592 /* LPANSIColorLogFormatter.swift in Sources */,
				189D673520B2CD37004A4592 /* LPBaseQueuedDestination.swift in Sources */,
				189D672320B2CD29004A4592 /* LPLogFormatterProtocol.swift in Sources */,
				189D673320B2CD37004A4592 /* LPFileDestination.swift in Sources */,
				189D672820B2CD30004A4592 /* URL+LPLogger.swift in Sources */,
				189D673620B2CD37004A4592 /* LPConsoleDestination.swift in Sources */,
				189D673420B2CD37004A4592 /* LPAppleSystemLogDestination.swift in Sources */,
				189D672220B2CD29004A4592 /* LPPrePostFixLogFormatter.swift in Sources */,
				189D673220B2CD37004A4592 /* LPBaseDestination.swift in Sources */,
				189D671C20B2CD1A004A4592 /* LPLogger.swift in Sources */,
				189D673120B2CD37004A4592 /* LPDestinationProtocol.swift in Sources */,
				189D672720B2CD30004A4592 /* DispatchQueue+LPLogger.swift in Sources */,
				189D673020B2CD37004A4592 /* LPAutoRotatingFileDestination.swift in Sources */,
				189D671E20B2CD23004A4592 /* LPLogModels.swift in Sources */,
			);
			runOnlyForDeploymentPostprocessing = 0;
		};
/* End PBXSourcesBuildPhase section */

/* Begin XCBuildConfiguration section */
		189D66DE20B2CC2C004A4592 /* Debug */ = {
			isa = XCBuildConfiguration;
			buildSettings = {
				ALWAYS_SEARCH_USER_PATHS = NO;
				CLANG_ANALYZER_NONNULL = YES;
				CLANG_ANALYZER_NUMBER_OBJECT_CONVERSION = YES_AGGRESSIVE;
				CLANG_CXX_LANGUAGE_STANDARD = "gnu++14";
				CLANG_CXX_LIBRARY = "libc++";
				CLANG_ENABLE_MODULES = YES;
				CLANG_ENABLE_OBJC_ARC = YES;
				CLANG_ENABLE_OBJC_WEAK = YES;
				CLANG_WARN_BLOCK_CAPTURE_AUTORELEASING = YES;
				CLANG_WARN_BOOL_CONVERSION = YES;
				CLANG_WARN_COMMA = YES;
				CLANG_WARN_CONSTANT_CONVERSION = YES;
				CLANG_WARN_DEPRECATED_OBJC_IMPLEMENTATIONS = YES;
				CLANG_WARN_DIRECT_OBJC_ISA_USAGE = YES_ERROR;
				CLANG_WARN_DOCUMENTATION_COMMENTS = YES;
				CLANG_WARN_EMPTY_BODY = YES;
				CLANG_WARN_ENUM_CONVERSION = YES;
				CLANG_WARN_INFINITE_RECURSION = YES;
				CLANG_WARN_INT_CONVERSION = YES;
				CLANG_WARN_NON_LITERAL_NULL_CONVERSION = YES;
				CLANG_WARN_OBJC_IMPLICIT_RETAIN_SELF = YES;
				CLANG_WARN_OBJC_LITERAL_CONVERSION = YES;
				CLANG_WARN_OBJC_ROOT_CLASS = YES_ERROR;
				CLANG_WARN_RANGE_LOOP_ANALYSIS = YES;
				CLANG_WARN_STRICT_PROTOTYPES = YES;
				CLANG_WARN_SUSPICIOUS_MOVE = YES;
				CLANG_WARN_UNGUARDED_AVAILABILITY = YES_AGGRESSIVE;
				CLANG_WARN_UNREACHABLE_CODE = YES;
				CLANG_WARN__DUPLICATE_METHOD_MATCH = YES;
				CODE_SIGN_IDENTITY = "iPhone Developer";
				COPY_PHASE_STRIP = NO;
				CURRENT_PROJECT_VERSION = 1;
				DEBUG_INFORMATION_FORMAT = dwarf;
				ENABLE_STRICT_OBJC_MSGSEND = YES;
				ENABLE_TESTABILITY = YES;
				GCC_C_LANGUAGE_STANDARD = gnu11;
				GCC_DYNAMIC_NO_PIC = NO;
				GCC_NO_COMMON_BLOCKS = YES;
				GCC_OPTIMIZATION_LEVEL = 0;
				GCC_PREPROCESSOR_DEFINITIONS = (
					"DEBUG=1",
					"$(inherited)",
				);
				GCC_WARN_64_TO_32_BIT_CONVERSION = YES;
				GCC_WARN_ABOUT_RETURN_TYPE = YES_ERROR;
				GCC_WARN_UNDECLARED_SELECTOR = YES;
				GCC_WARN_UNINITIALIZED_AUTOS = YES_AGGRESSIVE;
				GCC_WARN_UNUSED_FUNCTION = YES;
				GCC_WARN_UNUSED_VARIABLE = YES;
				IPHONEOS_DEPLOYMENT_TARGET = 11.3;
				MTL_ENABLE_DEBUG_INFO = YES;
				ONLY_ACTIVE_ARCH = YES;
				SDKROOT = iphoneos;
				SWIFT_ACTIVE_COMPILATION_CONDITIONS = DEBUG;
				SWIFT_OPTIMIZATION_LEVEL = "-Onone";
				VERSIONING_SYSTEM = "apple-generic";
				VERSION_INFO_PREFIX = "";
			};
			name = Debug;
		};
		189D66DF20B2CC2C004A4592 /* Release */ = {
			isa = XCBuildConfiguration;
			buildSettings = {
				ALWAYS_SEARCH_USER_PATHS = NO;
				CLANG_ANALYZER_NONNULL = YES;
				CLANG_ANALYZER_NUMBER_OBJECT_CONVERSION = YES_AGGRESSIVE;
				CLANG_CXX_LANGUAGE_STANDARD = "gnu++14";
				CLANG_CXX_LIBRARY = "libc++";
				CLANG_ENABLE_MODULES = YES;
				CLANG_ENABLE_OBJC_ARC = YES;
				CLANG_ENABLE_OBJC_WEAK = YES;
				CLANG_WARN_BLOCK_CAPTURE_AUTORELEASING = YES;
				CLANG_WARN_BOOL_CONVERSION = YES;
				CLANG_WARN_COMMA = YES;
				CLANG_WARN_CONSTANT_CONVERSION = YES;
				CLANG_WARN_DEPRECATED_OBJC_IMPLEMENTATIONS = YES;
				CLANG_WARN_DIRECT_OBJC_ISA_USAGE = YES_ERROR;
				CLANG_WARN_DOCUMENTATION_COMMENTS = YES;
				CLANG_WARN_EMPTY_BODY = YES;
				CLANG_WARN_ENUM_CONVERSION = YES;
				CLANG_WARN_INFINITE_RECURSION = YES;
				CLANG_WARN_INT_CONVERSION = YES;
				CLANG_WARN_NON_LITERAL_NULL_CONVERSION = YES;
				CLANG_WARN_OBJC_IMPLICIT_RETAIN_SELF = YES;
				CLANG_WARN_OBJC_LITERAL_CONVERSION = YES;
				CLANG_WARN_OBJC_ROOT_CLASS = YES_ERROR;
				CLANG_WARN_RANGE_LOOP_ANALYSIS = YES;
				CLANG_WARN_STRICT_PROTOTYPES = YES;
				CLANG_WARN_SUSPICIOUS_MOVE = YES;
				CLANG_WARN_UNGUARDED_AVAILABILITY = YES_AGGRESSIVE;
				CLANG_WARN_UNREACHABLE_CODE = YES;
				CLANG_WARN__DUPLICATE_METHOD_MATCH = YES;
				CODE_SIGN_IDENTITY = "iPhone Developer";
				COPY_PHASE_STRIP = NO;
				CURRENT_PROJECT_VERSION = 1;
				DEBUG_INFORMATION_FORMAT = "dwarf-with-dsym";
				ENABLE_NS_ASSERTIONS = NO;
				ENABLE_STRICT_OBJC_MSGSEND = YES;
				GCC_C_LANGUAGE_STANDARD = gnu11;
				GCC_NO_COMMON_BLOCKS = YES;
				GCC_WARN_64_TO_32_BIT_CONVERSION = YES;
				GCC_WARN_ABOUT_RETURN_TYPE = YES_ERROR;
				GCC_WARN_UNDECLARED_SELECTOR = YES;
				GCC_WARN_UNINITIALIZED_AUTOS = YES_AGGRESSIVE;
				GCC_WARN_UNUSED_FUNCTION = YES;
				GCC_WARN_UNUSED_VARIABLE = YES;
				IPHONEOS_DEPLOYMENT_TARGET = 11.3;
				MTL_ENABLE_DEBUG_INFO = NO;
				SDKROOT = iphoneos;
				SWIFT_COMPILATION_MODE = wholemodule;
				SWIFT_OPTIMIZATION_LEVEL = "-O";
				VALIDATE_PRODUCT = YES;
				VERSIONING_SYSTEM = "apple-generic";
				VERSION_INFO_PREFIX = "";
			};
			name = Release;
		};
		189D66E120B2CC2C004A4592 /* Debug */ = {
			isa = XCBuildConfiguration;
			buildSettings = {
				CLANG_ENABLE_MODULES = YES;
				CODE_SIGN_IDENTITY = "";
				CODE_SIGN_STYLE = Automatic;
				DEFINES_MODULE = YES;
				DYLIB_COMPATIBILITY_VERSION = 1;
				DYLIB_CURRENT_VERSION = 1;
				DYLIB_INSTALL_NAME_BASE = "@rpath";
				INFOPLIST_FILE = "$(SRCROOT)/Sources/Info.plist";
				INSTALL_PATH = "$(LOCAL_LIBRARY_DIR)/Frameworks";
				IPHONEOS_DEPLOYMENT_TARGET = 9.0;
				LD_RUNPATH_SEARCH_PATHS = (
					"$(inherited)",
					"@executable_path/Frameworks",
					"@loader_path/Frameworks",
				);
				PRODUCT_BUNDLE_IDENTIFIER = com.lp.waowang.LPLogger;
				PRODUCT_NAME = "$(TARGET_NAME:c99extidentifier)";
				SKIP_INSTALL = YES;
				SWIFT_OPTIMIZATION_LEVEL = "-Onone";
				SWIFT_VERSION = 4.0;
				TARGETED_DEVICE_FAMILY = "1,2";
			};
			name = Debug;
		};
		189D66E220B2CC2C004A4592 /* Release */ = {
			isa = XCBuildConfiguration;
			buildSettings = {
				CLANG_ENABLE_MODULES = YES;
				CODE_SIGN_IDENTITY = "";
				CODE_SIGN_STYLE = Automatic;
				DEFINES_MODULE = YES;
				DYLIB_COMPATIBILITY_VERSION = 1;
				DYLIB_CURRENT_VERSION = 1;
				DYLIB_INSTALL_NAME_BASE = "@rpath";
				INFOPLIST_FILE = "$(SRCROOT)/Sources/Info.plist";
				INSTALL_PATH = "$(LOCAL_LIBRARY_DIR)/Frameworks";
				IPHONEOS_DEPLOYMENT_TARGET = 9.0;
				LD_RUNPATH_SEARCH_PATHS = (
					"$(inherited)",
					"@executable_path/Frameworks",
					"@loader_path/Frameworks",
				);
				PRODUCT_BUNDLE_IDENTIFIER = com.lp.waowang.LPLogger;
				PRODUCT_NAME = "$(TARGET_NAME:c99extidentifier)";
				SKIP_INSTALL = YES;
				SWIFT_VERSION = 4.0;
				TARGETED_DEVICE_FAMILY = "1,2";
			};
			name = Release;
		};
/* End XCBuildConfiguration section */

/* Begin XCConfigurationList section */
		189D66D220B2CC2C004A4592 /* Build configuration list for PBXProject "LPLogger" */ = {
			isa = XCConfigurationList;
			buildConfigurations = (
				189D66DE20B2CC2C004A4592 /* Debug */,
				189D66DF20B2CC2C004A4592 /* Release */,
			);
			defaultConfigurationIsVisible = 0;
			defaultConfigurationName = Release;
		};
		189D66E020B2CC2C004A4592 /* Build configuration list for PBXNativeTarget "LPLogger" */ = {
			isa = XCConfigurationList;
			buildConfigurations = (
				189D66E120B2CC2C004A4592 /* Debug */,
				189D66E220B2CC2C004A4592 /* Release */,
			);
			defaultConfigurationIsVisible = 0;
			defaultConfigurationName = Release;
		};
/* End XCConfigurationList section */
	};
	rootObject = 189D66CF20B2CC2C004A4592 /* Project object */;
}
